
Microsoft Visual Studio Solution File, Format Version 12.00
# Visual Studio Version 17
VisualStudioVersion = 17.5.002.0
MinimumVisualStudioVersion = 10.0.40219.1
Project("{9A19103F-16F7-4668-BE54-9A1E7A4F7556}") = "dotawin-server", "dotawin-server.csproj", "{CC82D85C-E2D1-4C75-8FE9-0A62A3844EB9}"
EndProject
Global
	GlobalSection(SolutionConfigurationPlatforms) = preSolution
		Debug|Any CPU = Debug|Any CPU
		Release|Any CPU = Release|Any CPU
	EndGlobalSection
	GlobalSection(ProjectConfigurationPlatforms) = postSolution
		{CC82D85C-E2D1-4C75-8FE9-0A62A3844EB9}.Debug|Any CPU.ActiveCfg = Debug|Any CPU
		{CC82D85C-E2D1-4C75-8FE9-0A62A3844EB9}.Debug|Any CPU.Build.0 = Debug|Any CPU
		{CC82D85C-E2D1-4C75-8FE9-0A62A3844EB9}.Release|Any CPU.ActiveCfg = Release|Any CPU
		{CC82D85C-E2D1-4C75-8FE9-0A62A3844EB9}.Release|Any CPU.Build.0 = Release|Any CPU
	EndGlobalSection
	GlobalSection(SolutionProperties) = preSolution
		HideSolutionNode = FALSE
	EndGlobalSection
	GlobalSection(ExtensibilityGlobals) = postSolution
		SolutionGuid = {8FB82191-47CD-4818-9F8E-1D8461367E4F}
	EndGlobalSection
EndGlobal
